{
  "name": "esc-ts",
  "version": "1.0.0",
  "lockfileVersion": 1,
  "requires": true,
  "dependencies": {
    "@zirb/ecs-js": {
      "version": "1.0.1",
      "resolved": "https://registry.npmjs.org/@zirb/ecs-js/-/ecs-js-1.0.1.tgz",
      "integrity": "sha512-V6A0o2aSvaMtp1BkR+q5g5YqtPNHtC8c3fCBRf7OexMeIQ4S8mqTS1EaEDA4Slfw9VHBFofQyTHJ8TuBWC3oEg=="
    }
  }
}
